{
    "_meta": {
        "hash": {
            "sha256": "3feceb9b176a3de3c8ffa97e5ddfc5b4325163600942289710aaf7d4f19745f6"
        },
        "pipfile-spec": 6,
        "requires": {
            "python_full_version": "3.9.13",
            "python_version": "3.9"
        },
        "sources": [
            {
                "name": "pypi",
                "url": "https://pypi.org/simple",
                "verify_ssl": true
            }
        ]
    },
    "default": {
        "joblib": {
            "hashes": [
                "sha256:5fc3c5039fc5ca8c0276333a188bbd59d6b7ab37fe6632daa76bc7f9ec18e713",
                "sha256:8561a3269e6801106863fd0d6d84bb737be9e7631e33aaed3fb9ce5953688da3"
            ],
            "index": "pypi",
            "markers": "python_version >= '3.9'",
            "version": "==1.5.3"
        },
        "mpi4py": {
            "hashes": [
                "sha256:027b1a1ff9d57afed10af6b79041b95f85fd11b2af74e4c34ef4866ce81ecc24",
                "sha256:0699c194db5d95fc2085711e4e0013083bd7ae9a88438e1fd64ddb67e9b0cf9e",
                "sha256:0a5634b0a115d7e2b84a05c7c5495d0093dfa855cc18a85cb50045ecbb2e766e",
                "sha256:0a8332884626994d9ef48da233dc7a0355f4868dd7ff59f078d5813a2935b930",
                "sha256:0abf5490c3d49c30542b461bfc5ad88dd7d147a4bdb456b7163640577fdfef88",
                "sha256:0f46dfe666a599e4bd2641116b2b4852a3ed9d37915edf98fae471d666663128",
                "sha256:1586f5d1557abed9cba7e984d18f32e787b353be0986e599974db177ae36329a",
                "sha256:189d49b0ae963f8f6f5dd8ed0f5f37923285c97bc725476990ec0556972bb4b2",
                "sha256:1ad4b225a5a1a02a2b89979ed8f328c6a2bc3bd6ad4a57e453727f90373fa5f8",
                "sha256:1bb1e3ad0b9047b0dbc7b4014160a7ab2a84f1627be665527c7445fc312f189b",
                "sha256:1d618e6a5a8f6f86c33a954356d8ed398bec31f34b63321570661ac157063bb6",
                "sha256:1deb6f9df28ec6972305287cb2035c20d3f5af59f687f962080756374c16e48f",
                "sha256:1f268af2bd476013e4a3de55d4c6baf3494be65a5214f2b6fa0842a21164082a",
                "sha256:20624f69a77369dd18d1b2af8c7107274a2263613111d5191df4af0fd08fd699",
                "sha256:20bf4c0c65fd67287664f8b1b6dc7c7b341838f10bba34a2e452d47530ce8a5f",
                "sha256:2580fab891db492f32a6e02717e824f6fd5588be6560b08627c1e9322f7ccbfb",
                "sha256:28ce1f7412f5e99a6b9fe2547203633431d0ee45670413a475a07e6c785e63b1",
                "sha256:2b3539be1173672c20cd378997e91e5290bd6847d03503bdd4c4716fa525258f",
                "sha256:2c85983d38d77e6302a242e32afd2a9a9b3adedd770e199a38e5b8957150e7ac",
                "sha256:323ba354ba951c7736c033c5f2ad07bb1276f9696f0312ea6ff0a28cd0ab3e3d",
                "sha256:391a9931a8f5fc532fc9178a5357212ba3a6dc8cca59284d47dc4b7c588a7268",
                "sha256:3cca235d46009f54cb319c779c6ac53d41ce1eee3cf07f157995bc7739329b97",
                "sha256:45dfcc6ef235203cb192912b1a3f1fea741f94fff713db1bdb716e8c7897d823",
                "sha256:475da0797442cba723c0ad37da6a1c51d9624e697dd8bf89f23d0fad81e73eda",
                "sha256:4a36ef9d7b2b6b62026dbf9b59b44efb5430f7b9ca5fb855bfbf8d403218e37c",
                "sha256:5a03993a1c08d68fe0b18ecdb3d13ab821ee2c2fda7c24bdb66a72329977249e",
                "sha256:5f757e3089abf2c9db69fac1665fa99c52ed392fdf799159f25cba9ee3b64f5a",
                "sha256:6beec4841f9436d49ec9cabfd76a19df61c10b21ca14eddafa58fe7977802ee7",
                "sha256:6e0352860f0b3e18bc0dcb47e42e583ccb9472f89752d711a6fca46a38670554",
                "sha256:729c4f625ad60e5cfb6c260608d249dc35a33cc16605faff01c6adbbd7e8ce0f",
                "sha256:807c6f1ed3adbc12952db52127e34cfbd6c48a05c3b3dd59deee2d2f09d78888",
                "sha256:84e9eb2e609b0b94cd0e9a3e3b57d897f748fb0207c4f72e81e5a95aba033767",
                "sha256:8a2ffccc9f3a8c7c957403faad594d650c60234ac08cbedf45beaa96602debe9",
                "sha256:8c4ef9fe5fb211b1c5b6afe521397e3feb01e104024d6bc37aa4289c370605e2",
                "sha256:8d3bfa074776d9507ee957f5230d11ecd03da23f601a85349a1a333eaf55e5fa",
                "sha256:9082e04c8afcffa7d650a262d800af1a617c555d610810deeab265a4a5f7d42e",
                "sha256:95bb98d946eb88c9ae4dc6c42d11b3af8ce6b91e644c288cc3f85ec7596ffcd3",
                "sha256:9c87127dceb2b46b7c99115dbf9de65535cecd77d5cb274bcfdc79fa07420fd9",
                "sha256:a428ba96b992a8911cf932fa71dd8c0260d47ab7e5dee2b09239ad91fc540b79",
                "sha256:a753d5d61b46f90260247f344a6c57c527a6a4e7bea126830120ab41c3d057e5",
                "sha256:b4b3813da9a7a1fc37ffb8dad314cb396313a40cd3fe150854ab29e999a9eb8c",
                "sha256:ba85e4778d63c750226de95115c92b709f38d7e661be660a275da4f0992ee197",
                "sha256:c04a388c7a945e751c82742c6bb277434d26a67768a01952f7494d1c25dff94b",
                "sha256:c1191856906967a48fdcc484b326c179747e68c186261d76480a75156bcc73bf",
                "sha256:c8c83a359e62dd7fdd030360f430e0e8986df029c0953ab216ff97a110038dc4",
                "sha256:d2cf47d511cd6518a37c72861e3043810d02ee4a9e33292275d1ea5d474866a1",
                "sha256:d4403a7cec985be9963efc626193e6df3f63f5ada0c26373c28e640e623e56c3",
                "sha256:d4c460609bd6decc22ad89cbfe48e4c5a2461ff52ada9345a4c19edee39f93da",
                "sha256:dd1e49b84a0651018517e87daf68085719eca25e5c9a7cd05d98a73418c88836",
                "sha256:dd869ea7758b591ffbb1483588a6fbf84952a5090e80a45ea89674d55cf25f3b",
                "sha256:e13a1ba26604514a12c95b7d76058ce800d5740d5f5f3b50c4b782cfa0dfaa1f",
                "sha256:eb2c8489bdbc47fdc6b26ca7576e927a11b070b6de196a443132766b3d0a2a22",
                "sha256:ed3d9b619bf197a290f7fd67eb61b1c2a5c204afd9621651a50dc0b1c1280d45",
                "sha256:f1e0a6403ab921265d1e86d45c2996360d30fa7ad9a12de092ebc78ec8ec990c",
                "sha256:f3dd973c509f2dbb6904c035a4a071509cde98decf0528fa21e2e7d5db5cc988",
                "sha256:fc0cf81445fac2ae2e5716c365fd72e1bb545df065f5a3f6731f64b3beed886e"
            ],
            "index": "pypi",
            "markers": "python_version >= '3.8'",
            "version": "==4.1.1"
        },
        "numpy": {
            "hashes": [
                "sha256:0123ffdaa88fa4ab64835dcbde75dcdf89c453c922f18dced6e27c90d1d0ec5a",
                "sha256:11a76c372d1d37437857280aa142086476136a8c0f373b2e648ab2c8f18fb195",
                "sha256:13e689d772146140a252c3a28501da66dfecd77490b498b168b501835041f951",
                "sha256:1e795a8be3ddbac43274f18588329c72939870a16cae810c2b73461c40718ab1",
                "sha256:26df23238872200f63518dd2aa984cfca675d82469535dc7162dc2ee52d9dd5c",
                "sha256:286cd40ce2b7d652a6f22efdfc6d1edf879440e53e76a75955bc0c826c7e64dc",
                "sha256:2b2955fa6f11907cf7a70dab0d0755159bca87755e831e47932367fc8f2f2d0b",
                "sha256:2da5960c3cf0df7eafefd806d4e612c5e19358de82cb3c343631188991566ccd",
                "sha256:312950fdd060354350ed123c0e25a71327d3711584beaef30cdaa93320c392d4",
                "sha256:423e89b23490805d2a5a96fe40ec507407b8ee786d66f7328be214f9679df6dd",
                "sha256:496f71341824ed9f3d2fd36cf3ac57ae2e0165c143b55c3a035ee219413f3318",
                "sha256:49ca4decb342d66018b01932139c0961a8f9ddc7589611158cb3c27cbcf76448",
                "sha256:51129a29dbe56f9ca83438b706e2e69a39892b5eda6cedcb6b0c9fdc9b0d3ece",
                "sha256:5fec9451a7789926bcf7c2b8d187292c9f93ea30284802a0ab3f5be8ab36865d",
                "sha256:671bec6496f83202ed2d3c8fdc486a8fc86942f2e69ff0e986140339a63bcbe5",
                "sha256:7f0a0c6f12e07fa94133c8a67404322845220c06a9e80e85999afe727f7438b8",
                "sha256:807ec44583fd708a21d4a11d94aedf2f4f3c3719035c76a2bbe1fe8e217bdc57",
                "sha256:883c987dee1880e2a864ab0dc9892292582510604156762362d9326444636e78",
                "sha256:8c5713284ce4e282544c68d1c3b2c7161d38c256d2eefc93c1d683cf47683e66",
                "sha256:8cafab480740e22f8d833acefed5cc87ce276f4ece12fdaa2e8903db2f82897a",
                "sha256:8df823f570d9adf0978347d1f926b2a867d5608f434a7cff7f7908c6570dcf5e",
                "sha256:9059e10581ce4093f735ed23f3b9d283b9d517ff46009ddd485f1747eb22653c",
                "sha256:905d16e0c60200656500c95b6b8dca5d109e23cb24abc701d41c02d74c6b3afa",
                "sha256:9189427407d88ff25ecf8f12469d4d39d35bee1db5d39fc5c168c6f088a6956d",
                "sha256:96a55f64139912d61de9137f11bf39a55ec8faec288c75a54f93dfd39f7eb40c",
                "sha256:97032a27bd9d8988b9a97a8c4d2c9f2c15a81f61e2f21404d7e8ef00cb5be729",
                "sha256:984d96121c9f9616cd33fbd0618b7f08e0cfc9600a7ee1d6fd9b239186d19d97",
                "sha256:9a92ae5c14811e390f3767053ff54eaee3bf84576d99a2456391401323f4ec2c",
                "sha256:9ea91dfb7c3d1c56a0e55657c0afb38cf1eeae4544c208dc465c3c9f3a7c09f9",
                "sha256:a15f476a45e6e5a3a79d8a14e62161d27ad897381fecfa4a09ed5322f2085669",
                "sha256:a392a68bd329eafac5817e5aefeb39038c48b671afd242710b451e76090e81f4",
                "sha256:a3f4ab0caa7f053f6797fcd4e1e25caee367db3112ef2b6ef82d749530768c73",
                "sha256:a46288ec55ebbd58947d31d72be2c63cbf839f0a63b49cb755022310792a3385",
                "sha256:a61ec659f68ae254e4d237816e33171497e978140353c0c2038d46e63282d0c8",
                "sha256:a842d573724391493a97a62ebbb8e731f8a5dcc5d285dfc99141ca15a3302d0c",
                "sha256:becfae3ddd30736fe1889a37f1f580e245ba79a5855bff5f2a29cb3ccc22dd7b",
                "sha256:c05e238064fc0610c840d1cf6a13bf63d7e391717d247f1bf0318172e759e692",
                "sha256:c1c9307701fec8f3f7a1e6711f9089c06e6284b3afbbcd259f7791282d660a15",
                "sha256:c7b0be4ef08607dd04da4092faee0b86607f111d5ae68036f16cc787e250a131",
                "sha256:cfd41e13fdc257aa5778496b8caa5e856dc4896d4ccf01841daee1d96465467a",
                "sha256:d731a1c6116ba289c1e9ee714b08a8ff882944d4ad631fd411106a30f083c326",
                "sha256:df55d490dea7934f330006d0f81e8551ba6010a5bf035a249ef61a94f21c500b",
                "sha256:ec9852fb39354b5a45a80bdab5ac02dd02b15f44b3804e9f00c556bf24b4bded",
                "sha256:f15975dfec0cf2239224d80e32c3170b1d168335eaedee69da84fbe9f1f9cd04",
                "sha256:f26b258c385842546006213344c50655ff1555a9338e2e5e02a0756dc3e803dd"
            ],
            "index": "pypi",
            "markers": "python_version >= '3.9'",
            "version": "==2.0.2"
        },
        "pgzero": {
            "hashes": [
                "sha256:734e1de1a99804c2610f90aa419411fc2b31200b9d683b6c9fc710c7a8e36606",
                "sha256:8cadc020f028cbac3e0cbd3bb9311a1c045f1deedac7917ff433f986c38e6106"
            ],
            "index": "pypi",
            "version": "==1.2.1"
        },
        "pygame": {
            "hashes": [
                "sha256:00827aba089355925902d533f9c41e79a799641f03746c50a374dc5c3362e43d",
                "sha256:10e3d2a55f001f6c0a6eb44aa79ea7607091c9352b946692acedb2ac1482f1c9",
                "sha256:1206125f14cae22c44565c9d333607f1d9f59487b1f1432945dfc809aeaa3e88",
                "sha256:14f9dda45469b254c0f15edaaeaa85d2cc072ff6a83584a265f5d684c7f7efd8",
                "sha256:15efaa11a80a65dd589a95bebe812fa5bfc7e14946b638a424c5bd9ac6cca1a4",
                "sha256:163e66de169bd5670c86e27d0b74aad0d2d745e3b63cf4e7eb5b2bff1231ca8d",
                "sha256:173badf82fa198e6888017bea40f511cb28e69ecdd5a72b214e81e4dcd66c3b1",
                "sha256:17498a2b043bc0e795faedef1b081199c688890200aef34991c1941caa2d2c89",
                "sha256:20349195326a5e82a16e351ed93465a7845a7e2a9af55b7bc1b2110ea3e344e1",
                "sha256:21160d9093533eb831f1b708e630706e5ac16b30750571ec27bc3b8364814f38",
                "sha256:27eb17e3dc9640e4b4683074f1890e2e879827447770470c2aba9f125f74510b",
                "sha256:28b43190436037e428a5be28fc80cf6615304fd528009f2c688cc828f4ff104b",
                "sha256:2a3a1288e2e9b1e5834e425bedd5ba01a3cd4902b5c2bff8ed4a740ccfe98171",
                "sha256:2a615d78b2364e86f541458ff41c2a46181b9a1e9eabd97b389282fdf04efbb3",
                "sha256:325a84d072d52e3c2921eff02f87c6a74b7e77d71db3bdf53801c6c975f1b6c4",
                "sha256:33006f784e1c7d7e466fcb61d5489da59cc5f7eb098712f792a225df1d4e229d",
                "sha256:3a9e7396be0d9633831c3f8d5d82dd63ba373ad65599628294b7a4f8a5a01a65",
                "sha256:3acd8c009317190c2bfd81db681ecef47d5eb108c2151d09596d9c7ea9df5c0e",
                "sha256:3bede70ec708057e305815d6546012669226d1d80566785feca9b044216062e7",
                "sha256:481cfe1bdbb7fe00acc5950c494c26f00240888619bdc396fc8c39a734797432",
                "sha256:4a8ea113b1bf627322a025a1a5a87e3818a7f55ab3a4077ff1ae5c8c60576614",
                "sha256:4c1623180e70a03c4a734deb9bac50fc9c82942ae84a3a220779062128e75f3b",
                "sha256:4ee7f2771f588c966fa2fa8b829be26698c9b4836f82ede5e4edc1a68594942e",
                "sha256:56fb02ead529cee00d415c3e007f75e0780c655909aaa8e8bf616ee09c9feb1f",
                "sha256:56ffca6059b165bbf64f4b4be23b8068f6a0e220780e4f96ec0bb5ac3c63ec39",
                "sha256:5d09fd950725d187aa5207c0cb8eb9ab0d2f8ce9ab8d189c30eeb470e71b617e",
                "sha256:6582aa71a681e02e55d43150a9ab41394e6bf4d783d2962a10aea58f424be060",
                "sha256:7103c60939bbc1e05cfc7ba3f1d2ad3bbf103b7828b82a7166a9ab6f51950146",
                "sha256:7bffdd3eaf394d9645331d1c3a5df9d782ebcc3c5a78f3b657c7879a828dd111",
                "sha256:811e7b925146d8149d79193652cbb83e0eca0aae66476b1cb310f0f4226b8b5c",
                "sha256:813af4fba5d0b2cb8e58f5d95f7910295c34067dcc290d34f1be59c48bd1ea6a",
                "sha256:816e85000c5d8b02a42b9834f761a5925ef3377d2924e3a7c4c143d2990ce5b8",
                "sha256:818b4eaec9c4acb6ac64805d4ca8edd4062bebca77bd815c18739fe2842c97e9",
                "sha256:84fc4054e25262140d09d39e094f6880d730199710829902f0d8ceae0213379e",
                "sha256:8a78fd030d98faab4a8e27878536fdff7518d3e062a72761c552f624ebba5a5f",
                "sha256:91476902426facd4bb0dad4dc3b2573bc82c95c71b135e0daaea072ed528d299",
                "sha256:94afd1177680d92f9214c54966ad3517d18210c4fbc5d84a0192d218e93647e0",
                "sha256:97ac4e13847b6b293ecaffa5ffce9886c98d09c03309406931cc592f0cea6366",
                "sha256:9beeb647e555afb5657111fa83acb74b99ad88761108eaea66472e8b8547b55b",
                "sha256:9dd5c054d4bd875a8caf978b82672f02bec332f52a833a76899220c460bb4b58",
                "sha256:a1bf7ab5311bbced70320f1a56701650b4c18231343ae5af42111eea91e0949a",
                "sha256:a4b8f04fceddd9a3ac30778d11f0254f59efcd1c382d5801271113cea8b4f2f3",
                "sha256:a620883d589926f157b8f1d1f543183ac52e5c30507dea445e3927ae0bee1c54",
                "sha256:ac3f033d2be4a9e23660a96afe2986df3a6916227538a6a0061bc218c5088507",
                "sha256:ae6039f3a55d800db80e8010f387557b528d34d534435e0871326804df2a62f2",
                "sha256:b46e68cd168f44d0224c670bb72186688fc692d7079715f79d04096757d703d0",
                "sha256:b7f9f8e6f76de36f4725175d686601214af362a4f30614b4dae2240198e72e6f",
                "sha256:bbb7167c92103a2091366e9af26d4914ba3776666e8677d3c93551353fffa626",
                "sha256:c0b11356ac96261162d54a2c2b41a41978f00525631b01ec9c4fe26b01c66595",
                "sha256:c31dbdb5d0217f32764797d21c2752e258e5fb7e895326538d82b5f75a0cd856",
                "sha256:c47a6938de93fa610accd4969e638c2aebcb29b2fca518a84c3a39d91ab47116",
                "sha256:c8040ea2ab18c6b255af706ec01355c8a6b08dc48d77fd4ee783f8fc46a843bf",
                "sha256:ce8cc108b92de9b149b344ad2e25eedbe773af0dc41dfb24d1f07f679b558c60",
                "sha256:d1a7f2b66ac2e4c9583b6d4c6d6f346fb10a3392c04163f537061f86a448ed5c",
                "sha256:d29eb9a93f12aa3d997b6e3c447ac85b2a4b142ab2548441523a8fcf5e216042",
                "sha256:da3ad64d685f84a34ebe5daacb39fff14f1251acb34c098d760d63fee768f50c",
                "sha256:ef07c0103d79492c21fced9ad68c11c32efa6801ca1920ebfd0f15fb46c78b1c",
                "sha256:f3935459109da4bb0b3901da9904f0a3e52028a3332a355d298b1673a334cf21",
                "sha256:f84f15d146d6aa93254008a626c56ef96fed276006202881a47b29757f0cd65a",
                "sha256:fb6e8d0547f30ddc845f4fd1e33070ef548233ad0dbf21f7ecea768883d1bbdc"
            ],
            "index": "pypi",
            "markers": "python_version >= '3.6'",
            "version": "==2.6.1"
        }
    },
    "develop": {}
}
